#
# This file is autogenerated by pip-compile with Python 3.14
# by the following command:
#
#    pip-compile --extra=gui --output-file=requirements-gui.lock pyproject.toml
#
antlr4-python3-runtime==4.9.3
    # via omegaconf
beat-this==1.1.0
    # via learn-to-play-it (pyproject.toml)
certifi==2026.4.22
    # via learn-to-play-it (pyproject.toml)
cffi==2.0.0
    # via
    #   sounddevice
    #   soundfile
click==8.3.3
    # via learn-to-play-it (pyproject.toml)
cloudpickle==3.1.2
    # via submitit
demucs==4.0.1
    # via learn-to-play-it (pyproject.toml)
dora-search==0.1.12
    # via demucs
einops==0.8.2
    # via
    #   beat-this
    #   demucs
    #   rotary-embedding-torch
filelock==3.29.0
    # via torch
fsspec==2026.4.0
    # via torch
jinja2==3.1.6
    # via torch
julius==0.2.7
    # via demucs
lameenc==1.8.2
    # via demucs
markupsafe==3.0.3
    # via jinja2
mpmath==1.3.0
    # via sympy
networkx==3.6.1
    # via torch
numpy==2.4.4
    # via
    #   beat-this
    #   learn-to-play-it (pyproject.toml)
    #   openunmix
    #   pylibrb
    #   soundfile
    #   soxr
omegaconf==2.3.0
    # via dora-search
openunmix==1.3.0
    # via demucs
pycparser==3.0
    # via cffi
pylibrb==0.1.2
    # via learn-to-play-it (pyproject.toml)
pyside6==6.11.0
    # via learn-to-play-it (pyproject.toml)
pyside6-addons==6.11.0
    # via pyside6
pyside6-essentials==6.11.0
    # via
    #   pyside6
    #   pyside6-addons
pyyaml==6.0.3
    # via
    #   demucs
    #   omegaconf
retrying==1.4.2
    # via dora-search
rotary-embedding-torch==0.8.9
    # via beat-this
shiboken6==6.11.0
    # via
    #   pyside6
    #   pyside6-addons
    #   pyside6-essentials
sounddevice==0.5.5
    # via learn-to-play-it (pyproject.toml)
soundfile==0.13.1
    # via learn-to-play-it (pyproject.toml)
soxr==1.0.0
    # via beat-this
submitit==1.5.4
    # via dora-search
sympy==1.14.0
    # via torch
torch==2.11.0
    # via
    #   beat-this
    #   demucs
    #   dora-search
    #   julius
    #   openunmix
    #   rotary-embedding-torch
torchaudio==2.11.0
    # via
    #   beat-this
    #   demucs
    #   openunmix
torchcodec==0.11.1
    # via learn-to-play-it (pyproject.toml)
tqdm==4.67.3
    # via
    #   demucs
    #   openunmix
treetable==0.2.6
    # via dora-search
typing-extensions==4.15.0
    # via
    #   submitit
    #   torch

# The following packages are considered to be unsafe in a requirements file:
# setuptools
